
Microsoft Visual Studio Solution File, Format Version 12.00
# Visual Studio Version 17
VisualStudioVersion = 17.5.33516.290
MinimumVisualStudioVersion = 10.0.40219.1
Project("{FAE04EC0-301F-11D3-BF4B-00C04F79EFBC}") = "Quickapp_del", "Quickapp_del.csproj", "{17D33925-E4C3-4E3E-98F9-E1B5C726824C}"
EndProject
Global
	GlobalSection(SolutionConfigurationPlatforms) = preSolution
		Debug|Any CPU = Debug|Any CPU
		Release|Any CPU = Release|Any CPU
	EndGlobalSection
	GlobalSection(ProjectConfigurationPlatforms) = postSolution
		{17D33925-E4C3-4E3E-98F9-E1B5C726824C}.Debug|Any CPU.ActiveCfg = Debug|Any CPU
		{17D33925-E4C3-4E3E-98F9-E1B5C726824C}.Debug|Any CPU.Build.0 = Debug|Any CPU
		{17D33925-E4C3-4E3E-98F9-E1B5C726824C}.Release|Any CPU.ActiveCfg = Release|Any CPU
		{17D33925-E4C3-4E3E-98F9-E1B5C726824C}.Release|Any CPU.Build.0 = Release|Any CPU
	EndGlobalSection
	GlobalSection(SolutionProperties) = preSolution
		HideSolutionNode = FALSE
	EndGlobalSection
	GlobalSection(ExtensibilityGlobals) = postSolution
		SolutionGuid = {1B019EAC-FD68-4C5B-887D-39030FB8A14F}
	EndGlobalSection
EndGlobal
